lockfileVersion: '9.0'

settings:
  autoInstallPeers: true
  excludeLinksFromLockfile: false

importers:

  .:
    dependencies:
      fallow:
        specifier: ^2.96.0
        version: 2.96.0

packages:

  '@fallow-cli/darwin-arm64@2.96.0':
    resolution: {integrity: sha512-y5zqGloIyeDnLXtrmCDSaANK+jrEXIR9an3UokkIhtCvztq2/Oi4ha2kWgBuNDQhrT8dk9tXTYX/+lBV9a7Yhg==}
    cpu: [arm64]
    os: [darwin]

  '@fallow-cli/darwin-x64@2.96.0':
    resolution: {integrity: sha512-ofN1Y4MoGV2bO19j0p7REZBdflZJ7oSAAel8DOQkrcoAqa5rEu2iJAFO0u9I0gSDxQG/g++GawojPK2jWsGz7Q==}
    cpu: [x64]
    os: [darwin]

  '@fallow-cli/linux-arm64-gnu@2.96.0':
    resolution: {integrity: sha512-GlHpuXQhrK/BpDLV2GahGHSL+LawzufDLGfFujdrLCsOsCHggqWr0T3NR6fuzHgapel/nhtjBRzWJSYAMz0PLg==}
    cpu: [arm64]
    os: [linux]

  '@fallow-cli/linux-arm64-musl@2.96.0':
    resolution: {integrity: sha512-EAKnmAxvALNiSomznrT/UwGOSI3B/V2ISFoJFaIOcd+K2tVr9rbxNyv40gPWgzECWukiDn+u+vWMO+ul7fpd4A==}
    cpu: [arm64]
    os: [linux]

  '@fallow-cli/linux-x64-gnu@2.96.0':
    resolution: {integrity: sha512-gobVZ9J1rhPanZyPkVHT0T9SmPHgC+C46IPPcjdjC0C655X7pAGV6CysVjvIBAo+pAIcUWVvkD5DiDa1OFYwgw==}
    cpu: [x64]
    os: [linux]

  '@fallow-cli/linux-x64-musl@2.96.0':
    resolution: {integrity: sha512-SjeU14V5SYUhXzYjKOVo2oijpxYSbMxKoiKzeiKNK+hmMGC7SoCPruP9jD8IdsTr1NmgR+MdkKafxuGmWBvWKw==}
    cpu: [x64]
    os: [linux]

  '@fallow-cli/win32-arm64-msvc@2.96.0':
    resolution: {integrity: sha512-KL6Xf/J/XPOhK0VfIURFYCyJ11tfa4pn6+HzKc8hKa4DucwJlvpO+Pk4937hEQgCkLC/HmCzZWPn3rE7WiIvNQ==}
    cpu: [arm64]
    os: [win32]

  '@fallow-cli/win32-x64-msvc@2.96.0':
    resolution: {integrity: sha512-WXrNyYxqW4A1jMAZuMLInGuzL4E35kQlaDfLtGqkbC3vbbq36eMPmdoXuK8trtllqg0NA8Cd+KYQwN8xA8zzNA==}
    cpu: [x64]
    os: [win32]

  detect-libc@2.1.2:
    resolution: {integrity: sha512-Btj2BOOO83o3WyH59e8MgXsxEQVcarkUOpEYrubB0urwnN10yQ364rsiByU11nZlqWYZm05i/of7io4mzihBtQ==}
    engines: {node: '>=8'}

  fallow@2.96.0:
    resolution: {integrity: sha512-fNEj+b/LUVXwfyxZPnr+SJjdQHCKjUbWgluW/wC7Q5kcJENHNEJtmFDgpHEqKY6gY257xRCgyg1AlSC8YQgROA==}
    engines: {node: '>=16'}
    hasBin: true

snapshots:

  '@fallow-cli/darwin-arm64@2.96.0':
    optional: true

  '@fallow-cli/darwin-x64@2.96.0':
    optional: true

  '@fallow-cli/linux-arm64-gnu@2.96.0':
    optional: true

  '@fallow-cli/linux-arm64-musl@2.96.0':
    optional: true

  '@fallow-cli/linux-x64-gnu@2.96.0':
    optional: true

  '@fallow-cli/linux-x64-musl@2.96.0':
    optional: true

  '@fallow-cli/win32-arm64-msvc@2.96.0':
    optional: true

  '@fallow-cli/win32-x64-msvc@2.96.0':
    optional: true

  detect-libc@2.1.2: {}

  fallow@2.96.0:
    dependencies:
      detect-libc: 2.1.2
    optionalDependencies:
      '@fallow-cli/darwin-arm64': 2.96.0
      '@fallow-cli/darwin-x64': 2.96.0
      '@fallow-cli/linux-arm64-gnu': 2.96.0
      '@fallow-cli/linux-arm64-musl': 2.96.0
      '@fallow-cli/linux-x64-gnu': 2.96.0
      '@fallow-cli/linux-x64-musl': 2.96.0
      '@fallow-cli/win32-arm64-msvc': 2.96.0
      '@fallow-cli/win32-x64-msvc': 2.96.0
